// !$*UTF8*$!
{
	archiveVersion = 1;
	classes = {
	};
	objectVersion = 55;
	objects = {

/* Begin PBXBuildFile section */
		F73EC6B5283F909F00662D22 /* ContactListApp.swift in Sources */ = {isa = PBXBuildFile; fileRef = F73EC6B4283F909F00662D22 /* ContactListApp.swift */; };
		F73EC6B9283F90A000662D22 /* Assets.xcassets in Resources */ = {isa = PBXBuildFile; fileRef = F73EC6B8283F90A000662D22 /* Assets.xcassets */; };
		F73EC6BC283F90A000662D22 /* Preview Assets.xcassets in Resources */ = {isa = PBXBuildFile; fileRef = F73EC6BB283F90A000662D22 /* Preview Assets.xcassets */; };
		F73EC6BE283F90A000662D22 /* Persistence.swift in Sources */ = {isa = PBXBuildFile; fileRef = F73EC6BD283F90A000662D22 /* Persistence.swift */; };
		F73EC6C1283F90A000662D22 /* ContactList.xcdatamodeld in Sources */ = {isa = PBXBuildFile; fileRef = F73EC6BF283F90A000662D22 /* ContactList.xcdatamodeld */; };
		F73EC6C8283F94A000662D22 /* Person.swift in Sources */ = {isa = PBXBuildFile; fileRef = F73EC6C7283F94A000662D22 /* Person.swift */; };
		F73EC6CA283F94A600662D22 /* DataManager.swift in Sources */ = {isa = PBXBuildFile; fileRef = F73EC6C9283F94A600662D22 /* DataManager.swift */; };
		F73EC6CE283FC0AF00662D22 /* ContactDetailView.swift in Sources */ = {isa = PBXBuildFile; fileRef = F73EC6CD283FC0AF00662D22 /* ContactDetailView.swift */; };
		F73EC6D0283FC4C100662D22 /* NumbersListView.swift in Sources */ = {isa = PBXBuildFile; fileRef = F73EC6CF283FC4C100662D22 /* NumbersListView.swift */; };
		F73EC6D2283FC58A00662D22 /* ContactListView.swift in Sources */ = {isa = PBXBuildFile; fileRef = F73EC6D1283FC58A00662D22 /* ContactListView.swift */; };
		F73EC6D6283FE9F400662D22 /* StartView.swift in Sources */ = {isa = PBXBuildFile; fileRef = F73EC6D5283FE9F400662D22 /* StartView.swift */; };
/* End PBXBuildFile section */

/* Begin PBXFileReference section */
		F73EC6B1283F909F00662D22 /* ContactList.app */ = {isa = PBXFileReference; explicitFileType = wrapper.application; includeInIndex = 0; path = ContactList.app; sourceTree = BUILT_PRODUCTS_DIR; };
		F73EC6B4283F909F00662D22 /* ContactListApp.swift */ = {isa = PBXFileReference; lastKnownFileType = sourcecode.swift; path = ContactListApp.swift; sourceTree = "<group>"; };
		F73EC6B8283F90A000662D22 /* Assets.xcassets */ = {isa = PBXFileReference; lastKnownFileType = folder.assetcatalog; path = Assets.xcassets; sourceTree = "<group>"; };
		F73EC6BB283F90A000662D22 /* Preview Assets.xcassets */ = {isa = PBXFileReference; lastKnownFileType = folder.assetcatalog; path = "Preview Assets.xcassets"; sourceTree = "<group>"; };
		F73EC6BD283F90A000662D22 /* Persistence.swift */ = {isa = PBXFileReference; lastKnownFileType = sourcecode.swift; path = Persistence.swift; sourceTree = "<group>"; };
		F73EC6C0283F90A000662D22 /* ContactList.xcdatamodel */ = {isa = PBXFileReference; lastKnownFileType = wrapper.xcdatamodel; path = ContactList.xcdatamodel; sourceTree = "<group>"; };
		F73EC6C7283F94A000662D22 /* Person.swift */ = {isa = PBXFileReference; fileEncoding = 4; lastKnownFileType = sourcecode.swift; path = Person.swift; sourceTree = "<group>"; };
		F73EC6C9283F94A600662D22 /* DataManager.swift */ = {isa = PBXFileReference; fileEncoding = 4; lastKnownFileType = sourcecode.swift; path = DataManager.swift; sourceTree = "<group>"; };
		F73EC6CD283FC0AF00662D22 /* ContactDetailView.swift */ = {isa = PBXFileReference; lastKnownFileType = sourcecode.swift; path = ContactDetailView.swift; sourceTree = "<group>"; };
		F73EC6CF283FC4C100662D22 /* NumbersListView.swift */ = {isa = PBXFileReference; lastKnownFileType = sourcecode.swift; path = NumbersListView.swift; sourceTree = "<group>"; };
		F73EC6D1283FC58A00662D22 /* ContactListView.swift */ = {isa = PBXFileReference; lastKnownFileType = sourcecode.swift; path = ContactListView.swift; sourceTree = "<group>"; };
		F73EC6D5283FE9F400662D22 /* StartView.swift */ = {isa = PBXFileReference; lastKnownFileType = sourcecode.swift; path = StartView.swift; sourceTree = "<group>"; };
/* End PBXFileReference section */

/* Begin PBXFrameworksBuildPhase section */
		F73EC6AE283F909F00662D22 /* Frameworks */ = {
			isa = PBXFrameworksBuildPhase;
			buildActionMask = 2147483647;
			files = (
			);
			runOnlyForDeploymentPostprocessing = 0;
		};
/* End PBXFrameworksBuildPhase section */

/* Begin PBXGroup section */
		F73EC6A8283F909F00662D22 = {
			isa = PBXGroup;
			children = (
				F73EC6B3283F909F00662D22 /* ContactList */,
				F73EC6B2283F909F00662D22 /* Products */,
			);
			sourceTree = "<group>";
		};
		F73EC6B2283F909F00662D22 /* Products */ = {
			isa = PBXGroup;
			children = (
				F73EC6B1283F909F00662D22 /* ContactList.app */,
			);
			name = Products;
			sourceTree = "<group>";
		};
		F73EC6B3283F909F00662D22 /* ContactList */ = {
			isa = PBXGroup;
			children = (
				F7E597A2283FF57600BADACE /* App */,
				F73EC6D3283FE9B900662D22 /* Models */,
				F73EC6D4283FE9D300662D22 /* Services */,
				F73EC6D7283FEA2800662D22 /* Views */,
				F73EC6B8283F90A000662D22 /* Assets.xcassets */,
				F73EC6BD283F90A000662D22 /* Persistence.swift */,
				F73EC6BF283F90A000662D22 /* ContactList.xcdatamodeld */,
				F73EC6BA283F90A000662D22 /* Preview Content */,
			);
			path = ContactList;
			sourceTree = "<group>";
		};
		F73EC6BA283F90A000662D22 /* Preview Content */ = {
			isa = PBXGroup;
			children = (
				F73EC6BB283F90A000662D22 /* Preview Assets.xcassets */,
			);
			path = "Preview Content";
			sourceTree = "<group>";
		};
		F73EC6D3283FE9B900662D22 /* Models */ = {
			isa = PBXGroup;
			children = (
				F73EC6C7283F94A000662D22 /* Person.swift */,
			);
			path = Models;
			sourceTree = "<group>";
		};
		F73EC6D4283FE9D300662D22 /* Services */ = {
			isa = PBXGroup;
			children = (
				F73EC6C9283F94A600662D22 /* DataManager.swift */,
			);
			path = Services;
			sourceTree = "<group>";
		};
		F73EC6D7283FEA2800662D22 /* Views */ = {
			isa = PBXGroup;
			children = (
				F73EC6CD283FC0AF00662D22 /* ContactDetailView.swift */,
				F73EC6D5283FE9F400662D22 /* StartView.swift */,
				F73EC6D1283FC58A00662D22 /* ContactListView.swift */,
				F73EC6CF283FC4C100662D22 /* NumbersListView.swift */,
			);
			path = Views;
			sourceTree = "<group>";
		};
		F7E597A2283FF57600BADACE /* App */ = {
			isa = PBXGroup;
			children = (
				F73EC6B4283F909F00662D22 /* ContactListApp.swift */,
			);
			path = App;
			sourceTree = "<group>";
		};
/* End PBXGroup section */

/* Begin PBXNativeTarget section */
		F73EC6B0283F909F00662D22 /* ContactList */ = {
			isa = PBXNativeTarget;
			buildConfigurationList = F73EC6C4283F90A000662D22 /* Build configuration list for PBXNativeTarget "ContactList" */;
			buildPhases = (
				F73EC6AD283F909F00662D22 /* Sources */,
				F73EC6AE283F909F00662D22 /* Frameworks */,
				F73EC6AF283F909F00662D22 /* Resources */,
			);
			buildRules = (
			);
			dependencies = (
			);
			name = ContactList;
			productName = ContactList;
			productReference = F73EC6B1283F909F00662D22 /* ContactList.app */;
			productType = "com.apple.product-type.application";
		};
/* End PBXNativeTarget section */

/* Begin PBXProject section */
		F73EC6A9283F909F00662D22 /* Project object */ = {
			isa = PBXProject;
			attributes = {
				BuildIndependentTargetsInParallel = 1;
				LastSwiftUpdateCheck = 1340;
				LastUpgradeCheck = 1340;
				TargetAttributes = {
					F73EC6B0283F909F00662D22 = {
						CreatedOnToolsVersion = 13.4;
					};
				};
			};
			buildConfigurationList = F73EC6AC283F909F00662D22 /* Build configuration list for PBXProject "ContactList" */;
			compatibilityVersion = "Xcode 13.0";
			developmentRegion = en;
			hasScannedForEncodings = 0;
			knownRegions = (
				en,
				Base,
			);
			mainGroup = F73EC6A8283F909F00662D22;
			productRefGroup = F73EC6B2283F909F00662D22 /* Products */;
			projectDirPath = "";
			projectRoot = "";
			targets = (
				F73EC6B0283F909F00662D22 /* ContactList */,
			);
		};
/* End PBXProject section */

/* Begin PBXResourcesBuildPhase section */
		F73EC6AF283F909F00662D22 /* Resources */ = {
			isa = PBXResourcesBuildPhase;
			buildActionMask = 2147483647;
			files = (
				F73EC6BC283F90A000662D22 /* Preview Assets.xcassets in Resources */,
				F73EC6B9283F90A000662D22 /* Assets.xcassets in Resources */,
			);
			runOnlyForDeploymentPostprocessing = 0;
		};
/* End PBXResourcesBuildPhase section */

/* Begin PBXSourcesBuildPhase section */
		F73EC6AD283F909F00662D22 /* Sources */ = {
			isa = PBXSourcesBuildPhase;
			buildActionMask = 2147483647;
			files = (
				F73EC6D6283FE9F400662D22 /* StartView.swift in Sources */,
				F73EC6C8283F94A000662D22 /* Person.swift in Sources */,
				F73EC6CE283FC0AF00662D22 /* ContactDetailView.swift in Sources */,
				F73EC6D0283FC4C100662D22 /* NumbersListView.swift in Sources */,
				F73EC6D2283FC58A00662D22 /* ContactListView.swift in Sources */,
				F73EC6CA283F94A600662D22 /* DataManager.swift in Sources */,
				F73EC6C1283F90A000662D22 /* ContactList.xcdatamodeld in Sources */,
				F73EC6BE283F90A000662D22 /* Persistence.swift in Sources */,
				F73EC6B5283F909F00662D22 /* ContactListApp.swift in Sources */,
			);
			runOnlyForDeploymentPostprocessing = 0;
		};
/* End PBXSourcesBuildPhase section */

/* Begin XCBuildConfiguration section */
		F73EC6C2283F90A000662D22 /* Debug */ = {
			isa = XCBuildConfiguration;
			buildSettings = {
				ALWAYS_SEARCH_USER_PATHS = NO;
				CLANG_ANALYZER_NONNULL = YES;
				CLANG_ANALYZER_NUMBER_OBJECT_CONVERSION = YES_AGGRESSIVE;
				CLANG_CXX_LANGUAGE_STANDARD = "gnu++17";
				CLANG_ENABLE_MODULES = YES;
				CLANG_ENABLE_OBJC_ARC = YES;
				CLANG_ENABLE_OBJC_WEAK = YES;
				CLANG_WARN_BLOCK_CAPTURE_AUTORELEASING = YES;
				CLANG_WARN_BOOL_CONVERSION = YES;
				CLANG_WARN_COMMA = YES;
				CLANG_WARN_CONSTANT_CONVERSION = YES;
				CLANG_WARN_DEPRECATED_OBJC_IMPLEMENTATIONS = YES;
				CLANG_WARN_DIRECT_OBJC_ISA_USAGE = YES_ERROR;
				CLANG_WARN_DOCUMENTATION_COMMENTS = YES;
				CLANG_WARN_EMPTY_BODY = YES;
				CLANG_WARN_ENUM_CONVERSION = YES;
				CLANG_WARN_INFINITE_RECURSION = YES;
				CLANG_WARN_INT_CONVERSION = YES;
				CLANG_WARN_NON_LITERAL_NULL_CONVERSION = YES;
				CLANG_WARN_OBJC_IMPLICIT_RETAIN_SELF = YES;
				CLANG_WARN_OBJC_LITERAL_CONVERSION = YES;
				CLANG_WARN_OBJC_ROOT_CLASS = YES_ERROR;
				CLANG_WARN_QUOTED_INCLUDE_IN_FRAMEWORK_HEADER = YES;
				CLANG_WARN_RANGE_LOOP_ANALYSIS = YES;
				CLANG_WARN_STRICT_PROTOTYPES = YES;
				CLANG_WARN_SUSPICIOUS_MOVE = YES;
				CLANG_WARN_UNGUARDED_AVAILABILITY = YES_AGGRESSIVE;
				CLANG_WARN_UNREACHABLE_CODE = YES;
				CLANG_WARN__DUPLICATE_METHOD_MATCH = YES;
				COPY_PHASE_STRIP = NO;
				DEBUG_INFORMATION_FORMAT = dwarf;
				ENABLE_STRICT_OBJC_MSGSEND = YES;
				ENABLE_TESTABILITY = YES;
				GCC_C_LANGUAGE_STANDARD = gnu11;
				GCC_DYNAMIC_NO_PIC = NO;
				GCC_NO_COMMON_BLOCKS = YES;
				GCC_OPTIMIZATION_LEVEL = 0;
				GCC_PREPROCESSOR_DEFINITIONS = (
					"DEBUG=1",
					"$(inherited)",
				);
				GCC_WARN_64_TO_32_BIT_CONVERSION = YES;
				GCC_WARN_ABOUT_RETURN_TYPE = YES_ERROR;
				GCC_WARN_UNDECLARED_SELECTOR = YES;
				GCC_WARN_UNINITIALIZED_AUTOS = YES_AGGRESSIVE;
				GCC_WARN_UNUSED_FUNCTION = YES;
				GCC_WARN_UNUSED_VARIABLE = YES;
				IPHONEOS_DEPLOYMENT_TARGET = 15.5;
				MTL_ENABLE_DEBUG_INFO = INCLUDE_SOURCE;
				MTL_FAST_MATH = YES;
				ONLY_ACTIVE_ARCH = YES;
				SDKROOT = iphoneos;
				SWIFT_ACTIVE_COMPILATION_CONDITIONS = DEBUG;
				SWIFT_OPTIMIZATION_LEVEL = "-Onone";
			};
			name = Debug;
		};
		F73EC6C3283F90A000662D22 /* Release */ = {
			isa = XCBuildConfiguration;
			buildSettings = {
				ALWAYS_SEARCH_USER_PATHS = NO;
				CLANG_ANALYZER_NONNULL = YES;
				CLANG_ANALYZER_NUMBER_OBJECT_CONVERSION = YES_AGGRESSIVE;
				CLANG_CXX_LANGUAGE_STANDARD = "gnu++17";
				CLANG_ENABLE_MODULES = YES;
				CLANG_ENABLE_OBJC_ARC = YES;
				CLANG_ENABLE_OBJC_WEAK = YES;
				CLANG_WARN_BLOCK_CAPTURE_AUTORELEASING = YES;
				CLANG_WARN_BOOL_CONVERSION = YES;
				CLANG_WARN_COMMA = YES;
				CLANG_WARN_CONSTANT_CONVERSION = YES;
				CLANG_WARN_DEPRECATED_OBJC_IMPLEMENTATIONS = YES;
				CLANG_WARN_DIRECT_OBJC_ISA_USAGE = YES_ERROR;
				CLANG_WARN_DOCUMENTATION_COMMENTS = YES;
				CLANG_WARN_EMPTY_BODY = YES;
				CLANG_WARN_ENUM_CONVERSION = YES;
				CLANG_WARN_INFINITE_RECURSION = YES;
				CLANG_WARN_INT_CONVERSION = YES;
				CLANG_WARN_NON_LITERAL_NULL_CONVERSION = YES;
				CLANG_WARN_OBJC_IMPLICIT_RETAIN_SELF = YES;
				CLANG_WARN_OBJC_LITERAL_CONVERSION = YES;
				CLANG_WARN_OBJC_ROOT_CLASS = YES_ERROR;
				CLANG_WARN_QUOTED_INCLUDE_IN_FRAMEWORK_HEADER = YES;
				CLANG_WARN_RANGE_LOOP_ANALYSIS = YES;
				CLANG_WARN_STRICT_PROTOTYPES = YES;
				CLANG_WARN_SUSPICIOUS_MOVE = YES;
				CLANG_WARN_UNGUARDED_AVAILABILITY = YES_AGGRESSIVE;
				CLANG_WARN_UNREACHABLE_CODE = YES;
				CLANG_WARN__DUPLICATE_METHOD_MATCH = YES;
				COPY_PHASE_STRIP = NO;
				DEBUG_INFORMATION_FORMAT = "dwarf-with-dsym";
				ENABLE_NS_ASSERTIONS = NO;
				ENABLE_STRICT_OBJC_MSGSEND = YES;
				GCC_C_LANGUAGE_STANDARD = gnu11;
				GCC_NO_COMMON_BLOCKS = YES;
				GCC_WARN_64_TO_32_BIT_CONVERSION = YES;
				GCC_WARN_ABOUT_RETURN_TYPE = YES_ERROR;
				GCC_WARN_UNDECLARED_SELECTOR = YES;
				GCC_WARN_UNINITIALIZED_AUTOS = YES_AGGRESSIVE;
				GCC_WARN_UNUSED_FUNCTION = YES;
				GCC_WARN_UNUSED_VARIABLE = YES;
				IPHONEOS_DEPLOYMENT_TARGET = 15.5;
				MTL_ENABLE_DEBUG_INFO = NO;
				MTL_FAST_MATH = YES;
				SDKROOT = iphoneos;
				SWIFT_COMPILATION_MODE = wholemodule;
				SWIFT_OPTIMIZATION_LEVEL = "-O";
				VALIDATE_PRODUCT = YES;
			};
			name = Release;
		};
		F73EC6C5283F90A000662D22 /* Debug */ = {
			isa = XCBuildConfiguration;
			buildSettings = {
				ASSETCATALOG_COMPILER_APPICON_NAME = AppIcon;
				ASSETCATALOG_COMPILER_GLOBAL_ACCENT_COLOR_NAME = AccentColor;
				CODE_SIGN_STYLE = Automatic;
				CURRENT_PROJECT_VERSION = 1;
				DEVELOPMENT_ASSET_PATHS = "\"ContactList/Preview Content\"";
				DEVELOPMENT_TEAM = ASKBC27NSG;
				ENABLE_PREVIEWS = YES;
				GENERATE_INFOPLIST_FILE = YES;
				INFOPLIST_KEY_UIApplicationSceneManifest_Generation = YES;
				INFOPLIST_KEY_UIApplicationSupportsIndirectInputEvents = YES;
				INFOPLIST_KEY_UILaunchScreen_Generation = YES;
				INFOPLIST_KEY_UISupportedInterfaceOrientations = UIInterfaceOrientationPortrait;
				INFOPLIST_KEY_UISupportedInterfaceOrientations_iPad = "UIInterfaceOrientationPortrait UIInterfaceOrientationPortraitUpsideDown UIInterfaceOrientationLandscapeLeft UIInterfaceOrientationLandscapeRight";
				INFOPLIST_KEY_UISupportedInterfaceOrientations_iPhone = "UIInterfaceOrientationPortrait UIInterfaceOrientationLandscapeLeft UIInterfaceOrientationLandscapeRight";
				LD_RUNPATH_SEARCH_PATHS = (
					"$(inherited)",
					"@executable_path/Frameworks",
				);
				MARKETING_VERSION = 1.0;
				PRODUCT_BUNDLE_IDENTIFIER = com.maximsamus.ContactList;
				PRODUCT_NAME = "$(TARGET_NAME)";
				SWIFT_EMIT_LOC_STRINGS = YES;
				SWIFT_VERSION = 5.0;
				TARGETED_DEVICE_FAMILY = 1;
			};
			name = Debug;
		};
		F73EC6C6283F90A000662D22 /* Release */ = {
			isa = XCBuildConfiguration;
			buildSettings = {
				ASSETCATALOG_COMPILER_APPICON_NAME = AppIcon;
				ASSETCATALOG_COMPILER_GLOBAL_ACCENT_COLOR_NAME = AccentColor;
				CODE_SIGN_STYLE = Automatic;
				CURRENT_PROJECT_VERSION = 1;
				DEVELOPMENT_ASSET_PATHS = "\"ContactList/Preview Content\"";
				DEVELOPMENT_TEAM = ASKBC27NSG;
				ENABLE_PREVIEWS = YES;
				GENERATE_INFOPLIST_FILE = YES;
				INFOPLIST_KEY_UIApplicationSceneManifest_Generation = YES;
				INFOPLIST_KEY_UIApplicationSupportsIndirectInputEvents = YES;
				INFOPLIST_KEY_UILaunchScreen_Generation = YES;
				INFOPLIST_KEY_UISupportedInterfaceOrientations = UIInterfaceOrientationPortrait;
				INFOPLIST_KEY_UISupportedInterfaceOrientations_iPad = "UIInterfaceOrientationPortrait UIInterfaceOrientationPortraitUpsideDown UIInterfaceOrientationLandscapeLeft UIInterfaceOrientationLandscapeRight";
				INFOPLIST_KEY_UISupportedInterfaceOrientations_iPhone = "UIInterfaceOrientationPortrait UIInterfaceOrientationLandscapeLeft UIInterfaceOrientationLandscapeRight";
				LD_RUNPATH_SEARCH_PATHS = (
					"$(inherited)",
					"@executable_path/Frameworks",
				);
				MARKETING_VERSION = 1.0;
				PRODUCT_BUNDLE_IDENTIFIER = com.maximsamus.ContactList;
				PRODUCT_NAME = "$(TARGET_NAME)";
				SWIFT_EMIT_LOC_STRINGS = YES;
				SWIFT_VERSION = 5.0;
				TARGETED_DEVICE_FAMILY = 1;
			};
			name = Release;
		};
/* End XCBuildConfiguration section */

/* Begin XCConfigurationList section */
		F73EC6AC283F909F00662D22 /* Build configuration list for PBXProject "ContactList" */ = {
			isa = XCConfigurationList;
			buildConfigurations = (
				F73EC6C2283F90A000662D22 /* Debug */,
				F73EC6C3283F90A000662D22 /* Release */,
			);
			defaultConfigurationIsVisible = 0;
			defaultConfigurationName = Release;
		};
		F73EC6C4283F90A000662D22 /* Build configuration list for PBXNativeTarget "ContactList" */ = {
			isa = XCConfigurationList;
			buildConfigurations = (
				F73EC6C5283F90A000662D22 /* Debug */,
				F73EC6C6283F90A000662D22 /* Release */,
			);
			defaultConfigurationIsVisible = 0;
			defaultConfigurationName = Release;
		};
/* End XCConfigurationList section */

/* Begin XCVersionGroup section */
		F73EC6BF283F90A000662D22 /* ContactList.xcdatamodeld */ = {
			isa = XCVersionGroup;
			children = (
				F73EC6C0283F90A000662D22 /* ContactList.xcdatamodel */,
			);
			currentVersion = F73EC6C0283F90A000662D22 /* ContactList.xcdatamodel */;
			path = ContactList.xcdatamodeld;
			sourceTree = "<group>";
			versionGroupType = wrapper.xcdatamodel;
		};
/* End XCVersionGroup section */
	};
	rootObject = F73EC6A9283F909F00662D22 /* Project object */;
}
